
Microsoft Visual Studio Solution File, Format Version 12.00
# Visual Studio Version 16
VisualStudioVersion = 16.0.30804.86
MinimumVisualStudioVersion = 10.0.40219.1
Project("{2150E333-8FDC-42A3-9474-1A3956D46DE8}") = "Tests", "Tests", "{CE6967A2-D680-418A-B5AE-F481129113A7}"
EndProject
Project("{9A19103F-16F7-4668-BE54-9A1E7A4F7556}") = "SQLI.SRS2.Modules.ModuleName.Tests", "Tests\SQLI.SRS2.Modules.ModuleName.Tests\SQLI.SRS2.Modules.ModuleName.Tests.csproj", "{2060A91D-D552-4417-8CFD-180DA490164A}"
EndProject
Project("{2150E333-8FDC-42A3-9474-1A3956D46DE8}") = "Modules", "Modules", "{D56811B0-5E0B-4208-8E71-B09DF7A4CF57}"
EndProject
Project("{2150E333-8FDC-42A3-9474-1A3956D46DE8}") = "Services", "Services", "{8CF0D7DC-7636-49FF-AD37-B884B79F3025}"
EndProject
Project("{9A19103F-16F7-4668-BE54-9A1E7A4F7556}") = "SQLI.SRS2.Services", "Services\SQLI.SRS2.Services\SQLI.SRS2.Services.csproj", "{EB1B1831-4F1F-402B-86E7-80162DEB60C1}"
EndProject
Project("{9A19103F-16F7-4668-BE54-9A1E7A4F7556}") = "SQLI.SRS2.Services.Interfaces", "Services\SQLI.SRS2.Services.Interfaces\SQLI.SRS2.Services.Interfaces.csproj", "{B2F90C96-80E5-4C24-BE7A-08430BF61D09}"
EndProject
Project("{9A19103F-16F7-4668-BE54-9A1E7A4F7556}") = "SQLI.SRS2", "SQLI.SRS2\SQLI.SRS2.csproj", "{CED854DF-0E07-4CD4-974E-2089B4AEE616}"
EndProject
Project("{9A19103F-16F7-4668-BE54-9A1E7A4F7556}") = "SQLI.SRS2.Core", "SQLI.SRS2.Core\SQLI.SRS2.Core.csproj", "{9E17F81B-F002-4699-84CE-4535DDAF22DC}"
EndProject
Project("{9A19103F-16F7-4668-BE54-9A1E7A4F7556}") = "SQLI.SRS2.Modules.Menu", "Modules\SQLI.SRS2.Modules.Menu\SQLI.SRS2.Modules.Menu.csproj", "{31E198DA-7F8D-4E1B-A651-8A2099A5B1A7}"
EndProject
Project("{FAE04EC0-301F-11D3-BF4B-00C04F79EFBC}") = "SQLI.SRS2.Modules.Disclosure", "Modules\SQLI.SRS2.Modules.Disclosure\SQLI.SRS2.Modules.Disclosure.csproj", "{C190A2A0-F853-45B9-8DB6-B8100BEA1BA4}"
EndProject
Project("{FAE04EC0-301F-11D3-BF4B-00C04F79EFBC}") = "SQLI.SRS2.Modules.Showcase", "Modules\SQLI.SRS2.Modules.Showcase\SQLI.SRS2.Modules.Showcase.csproj", "{FF29610A-588E-4355-B11A-1F1C4C20CA94}"
EndProject
Project("{FAE04EC0-301F-11D3-BF4B-00C04F79EFBC}") = "SQLI.SRS2.Business", "SQLI.SRS2.Business\SQLI.SRS2.Business.csproj", "{29A64BA2-0031-4D2A-A56C-6A462B1F0819}"
EndProject
Global
	GlobalSection(SolutionConfigurationPlatforms) = preSolution
		Debug|Any CPU = Debug|Any CPU
		Release|Any CPU = Release|Any CPU
	EndGlobalSection
	GlobalSection(ProjectConfigurationPlatforms) = postSolution
		{2060A91D-D552-4417-8CFD-180DA490164A}.Debug|Any CPU.ActiveCfg = Debug|Any CPU
		{2060A91D-D552-4417-8CFD-180DA490164A}.Debug|Any CPU.Build.0 = Debug|Any CPU
		{2060A91D-D552-4417-8CFD-180DA490164A}.Release|Any CPU.ActiveCfg = Release|Any CPU
		{2060A91D-D552-4417-8CFD-180DA490164A}.Release|Any CPU.Build.0 = Release|Any CPU
		{EB1B1831-4F1F-402B-86E7-80162DEB60C1}.Debug|Any CPU.ActiveCfg = Debug|Any CPU
		{EB1B1831-4F1F-402B-86E7-80162DEB60C1}.Debug|Any CPU.Build.0 = Debug|Any CPU
		{EB1B1831-4F1F-402B-86E7-80162DEB60C1}.Release|Any CPU.ActiveCfg = Release|Any CPU
		{EB1B1831-4F1F-402B-86E7-80162DEB60C1}.Release|Any CPU.Build.0 = Release|Any CPU
		{B2F90C96-80E5-4C24-BE7A-08430BF61D09}.Debug|Any CPU.ActiveCfg = Debug|Any CPU
		{B2F90C96-80E5-4C24-BE7A-08430BF61D09}.Debug|Any CPU.Build.0 = Debug|Any CPU
		{B2F90C96-80E5-4C24-BE7A-08430BF61D09}.Release|Any CPU.ActiveCfg = Release|Any CPU
		{B2F90C96-80E5-4C24-BE7A-08430BF61D09}.Release|Any CPU.Build.0 = Release|Any CPU
		{CED854DF-0E07-4CD4-974E-2089B4AEE616}.Debug|Any CPU.ActiveCfg = Debug|Any CPU
		{CED854DF-0E07-4CD4-974E-2089B4AEE616}.Debug|Any CPU.Build.0 = Debug|Any CPU
		{CED854DF-0E07-4CD4-974E-2089B4AEE616}.Release|Any CPU.ActiveCfg = Release|Any CPU
		{CED854DF-0E07-4CD4-974E-2089B4AEE616}.Release|Any CPU.Build.0 = Release|Any CPU
		{9E17F81B-F002-4699-84CE-4535DDAF22DC}.Debug|Any CPU.ActiveCfg = Debug|Any CPU
		{9E17F81B-F002-4699-84CE-4535DDAF22DC}.Debug|Any CPU.Build.0 = Debug|Any CPU
		{9E17F81B-F002-4699-84CE-4535DDAF22DC}.Release|Any CPU.ActiveCfg = Release|Any CPU
		{9E17F81B-F002-4699-84CE-4535DDAF22DC}.Release|Any CPU.Build.0 = Release|Any CPU
		{31E198DA-7F8D-4E1B-A651-8A2099A5B1A7}.Debug|Any CPU.ActiveCfg = Debug|Any CPU
		{31E198DA-7F8D-4E1B-A651-8A2099A5B1A7}.Debug|Any CPU.Build.0 = Debug|Any CPU
		{31E198DA-7F8D-4E1B-A651-8A2099A5B1A7}.Release|Any CPU.ActiveCfg = Release|Any CPU
		{31E198DA-7F8D-4E1B-A651-8A2099A5B1A7}.Release|Any CPU.Build.0 = Release|Any CPU
		{C190A2A0-F853-45B9-8DB6-B8100BEA1BA4}.Debug|Any CPU.ActiveCfg = Debug|Any CPU
		{C190A2A0-F853-45B9-8DB6-B8100BEA1BA4}.Debug|Any CPU.Build.0 = Debug|Any CPU
		{C190A2A0-F853-45B9-8DB6-B8100BEA1BA4}.Release|Any CPU.ActiveCfg = Release|Any CPU
		{C190A2A0-F853-45B9-8DB6-B8100BEA1BA4}.Release|Any CPU.Build.0 = Release|Any CPU
		{FF29610A-588E-4355-B11A-1F1C4C20CA94}.Debug|Any CPU.ActiveCfg = Debug|Any CPU
		{FF29610A-588E-4355-B11A-1F1C4C20CA94}.Debug|Any CPU.Build.0 = Debug|Any CPU
		{FF29610A-588E-4355-B11A-1F1C4C20CA94}.Release|Any CPU.ActiveCfg = Release|Any CPU
		{FF29610A-588E-4355-B11A-1F1C4C20CA94}.Release|Any CPU.Build.0 = Release|Any CPU
		{29A64BA2-0031-4D2A-A56C-6A462B1F0819}.Debug|Any CPU.ActiveCfg = Debug|Any CPU
		{29A64BA2-0031-4D2A-A56C-6A462B1F0819}.Debug|Any CPU.Build.0 = Debug|Any CPU
		{29A64BA2-0031-4D2A-A56C-6A462B1F0819}.Release|Any CPU.ActiveCfg = Release|Any CPU
		{29A64BA2-0031-4D2A-A56C-6A462B1F0819}.Release|Any CPU.Build.0 = Release|Any CPU
	EndGlobalSection
	GlobalSection(SolutionProperties) = preSolution
		HideSolutionNode = FALSE
	EndGlobalSection
	GlobalSection(NestedProjects) = preSolution
		{2060A91D-D552-4417-8CFD-180DA490164A} = {CE6967A2-D680-418A-B5AE-F481129113A7}
		{EB1B1831-4F1F-402B-86E7-80162DEB60C1} = {8CF0D7DC-7636-49FF-AD37-B884B79F3025}
		{B2F90C96-80E5-4C24-BE7A-08430BF61D09} = {8CF0D7DC-7636-49FF-AD37-B884B79F3025}
		{31E198DA-7F8D-4E1B-A651-8A2099A5B1A7} = {D56811B0-5E0B-4208-8E71-B09DF7A4CF57}
		{C190A2A0-F853-45B9-8DB6-B8100BEA1BA4} = {D56811B0-5E0B-4208-8E71-B09DF7A4CF57}
		{FF29610A-588E-4355-B11A-1F1C4C20CA94} = {D56811B0-5E0B-4208-8E71-B09DF7A4CF57}
	EndGlobalSection
	GlobalSection(ExtensibilityGlobals) = postSolution
		SolutionGuid = {09CCD62D-2ED7-4864-B094-5B19887B4893}
	EndGlobalSection
EndGlobal
